
Microsoft Visual Studio Solution File, Format Version 12.00
# Visual Studio Version 17
VisualStudioVersion = 17.11.35219.272
MinimumVisualStudioVersion = 10.0.40219.1
Project("{8BC9CEB8-8B4A-11D0-8D11-00A0C91BC942}") = "001_HelloWorld", "001_HelloWorld\001_HelloWorld.vcxproj", "{0A03C779-2C3E-476A-BECA-4542677F40C9}"
EndProject
Project("{8BC9CEB8-8B4A-11D0-8D11-00A0C91BC942}") = "002_name", "002_name\002_name.vcxproj", "{79BAE2CE-6CF9-4647-A80B-F1A8A8DA9474}"
EndProject
Project("{8BC9CEB8-8B4A-11D0-8D11-00A0C91BC942}") = "003_(개인)", "003_(개인)\003_(개인).vcxproj", "{A9C94B55-4DC3-4F76-BC37-85B8EBC3898C}"
EndProject
Project("{8BC9CEB8-8B4A-11D0-8D11-00A0C91BC942}") = "004_(개인)", "004_(개인)\004_(개인).vcxproj", "{A65577AC-7595-4D89-BA2B-41344C011DDA}"
EndProject
Project("{8BC9CEB8-8B4A-11D0-8D11-00A0C91BC942}") = "005_smallest", "005_smallest\005_smallest.vcxproj", "{EE6F85AA-1667-42C3-9222-C910ED42A166}"
EndProject
Project("{8BC9CEB8-8B4A-11D0-8D11-00A0C91BC942}") = "004_애국가", "004_애국가\004_애국가.vcxproj", "{FA220346-6F41-4C44-9573-273B8C74E9FB}"
EndProject
Project("{8BC9CEB8-8B4A-11D0-8D11-00A0C91BC942}") = "005_+", "005_+\005_+.vcxproj", "{DA8A2D43-8014-45D5-80C5-C468F213BB90}"
EndProject
Project("{8BC9CEB8-8B4A-11D0-8D11-00A0C91BC942}") = "006_format", "006_format\006_format.vcxproj", "{0AE4DA90-A9F5-405E-A5FC-E512E6DF8B0E}"
EndProject
Project("{8BC9CEB8-8B4A-11D0-8D11-00A0C91BC942}") = "007_variable", "007_variable\007_variable.vcxproj", "{71074D6A-C55E-4543-B073-42B734BD55A0}"
EndProject
Project("{8BC9CEB8-8B4A-11D0-8D11-00A0C91BC942}") = "008_arithmetic", "008_arithmetic\008_arithmetic.vcxproj", "{3555F2FF-879D-4BEF-833E-468582D47AA8}"
EndProject
Project("{8BC9CEB8-8B4A-11D0-8D11-00A0C91BC942}") = "009_ 008에 대한 보충(개인)", "009_ 008에 대한 보충(개인)\009_ 008에 대한 보충(개인).vcxproj", "{0C4383C9-B514-40DB-930A-D8AC0CA43FB6}"
EndProject
Project("{8BC9CEB8-8B4A-11D0-8D11-00A0C91BC942}") = "010_sizeof", "010_sizeof\010_sizeof.vcxproj", "{E4E1CDFB-41D4-4EDC-B249-5C78D5C72E7A}"
EndProject
Project("{8BC9CEB8-8B4A-11D0-8D11-00A0C91BC942}") = "011_hype", "011_hype\011_hype.vcxproj", "{EDB08113-A6E9-4DDB-8A01-CB892EEE3043}"
EndProject
Project("{8BC9CEB8-8B4A-11D0-8D11-00A0C91BC942}") = "012_average", "012_average\012_average.vcxproj", "{3BD25D51-4AD2-47D0-827C-23D8DA8F7623}"
EndProject
Project("{8BC9CEB8-8B4A-11D0-8D11-00A0C91BC942}") = "013_ascii", "013_ascii\013_ascii.vcxproj", "{AD54263F-2AE3-432B-A5E6-200778E20873}"
EndProject
Project("{8BC9CEB8-8B4A-11D0-8D11-00A0C91BC942}") = "014_ascii2", "014_ascii2\014_ascii2.vcxproj", "{F2E42BD3-E167-45D1-809A-C7A96554DD05}"
EndProject
Project("{8BC9CEB8-8B4A-11D0-8D11-00A0C91BC942}") = "015_increment", "015_increment\015_increment.vcxproj", "{B0C84840-159A-4535-A662-D2C1D301C07C}"
EndProject
Project("{8BC9CEB8-8B4A-11D0-8D11-00A0C91BC942}") = "016_relational", "016_relational\016_relational.vcxproj", "{2CDB5D35-BB37-49DE-8B49-F1E348F490F0}"
EndProject
Global
	GlobalSection(SolutionConfigurationPlatforms) = preSolution
		Debug|x64 = Debug|x64
		Debug|x86 = Debug|x86
		Release|x64 = Release|x64
		Release|x86 = Release|x86
	EndGlobalSection
	GlobalSection(ProjectConfigurationPlatforms) = postSolution
		{0A03C779-2C3E-476A-BECA-4542677F40C9}.Debug|x64.ActiveCfg = Debug|x64
		{0A03C779-2C3E-476A-BECA-4542677F40C9}.Debug|x64.Build.0 = Debug|x64
		{0A03C779-2C3E-476A-BECA-4542677F40C9}.Debug|x86.ActiveCfg = Debug|Win32
		{0A03C779-2C3E-476A-BECA-4542677F40C9}.Debug|x86.Build.0 = Debug|Win32
		{0A03C779-2C3E-476A-BECA-4542677F40C9}.Release|x64.ActiveCfg = Release|x64
		{0A03C779-2C3E-476A-BECA-4542677F40C9}.Release|x64.Build.0 = Release|x64
		{0A03C779-2C3E-476A-BECA-4542677F40C9}.Release|x86.ActiveCfg = Release|Win32
		{0A03C779-2C3E-476A-BECA-4542677F40C9}.Release|x86.Build.0 = Release|Win32
		{79BAE2CE-6CF9-4647-A80B-F1A8A8DA9474}.Debug|x64.ActiveCfg = Debug|x64
		{79BAE2CE-6CF9-4647-A80B-F1A8A8DA9474}.Debug|x64.Build.0 = Debug|x64
		{79BAE2CE-6CF9-4647-A80B-F1A8A8DA9474}.Debug|x86.ActiveCfg = Debug|Win32
		{79BAE2CE-6CF9-4647-A80B-F1A8A8DA9474}.Debug|x86.Build.0 = Debug|Win32
		{79BAE2CE-6CF9-4647-A80B-F1A8A8DA9474}.Release|x64.ActiveCfg = Release|x64
		{79BAE2CE-6CF9-4647-A80B-F1A8A8DA9474}.Release|x64.Build.0 = Release|x64
		{79BAE2CE-6CF9-4647-A80B-F1A8A8DA9474}.Release|x86.ActiveCfg = Release|Win32
		{79BAE2CE-6CF9-4647-A80B-F1A8A8DA9474}.Release|x86.Build.0 = Release|Win32
		{A9C94B55-4DC3-4F76-BC37-85B8EBC3898C}.Debug|x64.ActiveCfg = Debug|x64
		{A9C94B55-4DC3-4F76-BC37-85B8EBC3898C}.Debug|x64.Build.0 = Debug|x64
		{A9C94B55-4DC3-4F76-BC37-85B8EBC3898C}.Debug|x86.ActiveCfg = Debug|Win32
		{A9C94B55-4DC3-4F76-BC37-85B8EBC3898C}.Debug|x86.Build.0 = Debug|Win32
		{A9C94B55-4DC3-4F76-BC37-85B8EBC3898C}.Release|x64.ActiveCfg = Release|x64
		{A9C94B55-4DC3-4F76-BC37-85B8EBC3898C}.Release|x64.Build.0 = Release|x64
		{A9C94B55-4DC3-4F76-BC37-85B8EBC3898C}.Release|x86.ActiveCfg = Release|Win32
		{A9C94B55-4DC3-4F76-BC37-85B8EBC3898C}.Release|x86.Build.0 = Release|Win32
		{A65577AC-7595-4D89-BA2B-41344C011DDA}.Debug|x64.ActiveCfg = Debug|x64
		{A65577AC-7595-4D89-BA2B-41344C011DDA}.Debug|x64.Build.0 = Debug|x64
		{A65577AC-7595-4D89-BA2B-41344C011DDA}.Debug|x86.ActiveCfg = Debug|Win32
		{A65577AC-7595-4D89-BA2B-41344C011DDA}.Debug|x86.Build.0 = Debug|Win32
		{A65577AC-7595-4D89-BA2B-41344C011DDA}.Release|x64.ActiveCfg = Release|x64
		{A65577AC-7595-4D89-BA2B-41344C011DDA}.Release|x64.Build.0 = Release|x64
		{A65577AC-7595-4D89-BA2B-41344C011DDA}.Release|x86.ActiveCfg = Release|Win32
		{A65577AC-7595-4D89-BA2B-41344C011DDA}.Release|x86.Build.0 = Release|Win32
		{EE6F85AA-1667-42C3-9222-C910ED42A166}.Debug|x64.ActiveCfg = Debug|x64
		{EE6F85AA-1667-42C3-9222-C910ED42A166}.Debug|x64.Build.0 = Debug|x64
		{EE6F85AA-1667-42C3-9222-C910ED42A166}.Debug|x86.ActiveCfg = Debug|Win32
		{EE6F85AA-1667-42C3-9222-C910ED42A166}.Debug|x86.Build.0 = Debug|Win32
		{EE6F85AA-1667-42C3-9222-C910ED42A166}.Release|x64.ActiveCfg = Release|x64
		{EE6F85AA-1667-42C3-9222-C910ED42A166}.Release|x64.Build.0 = Release|x64
		{EE6F85AA-1667-42C3-9222-C910ED42A166}.Release|x86.ActiveCfg = Release|Win32
		{EE6F85AA-1667-42C3-9222-C910ED42A166}.Release|x86.Build.0 = Release|Win32
		{FA220346-6F41-4C44-9573-273B8C74E9FB}.Debug|x64.ActiveCfg = Debug|x64
		{FA220346-6F41-4C44-9573-273B8C74E9FB}.Debug|x64.Build.0 = Debug|x64
		{FA220346-6F41-4C44-9573-273B8C74E9FB}.Debug|x86.ActiveCfg = Debug|Win32
		{FA220346-6F41-4C44-9573-273B8C74E9FB}.Debug|x86.Build.0 = Debug|Win32
		{FA220346-6F41-4C44-9573-273B8C74E9FB}.Release|x64.ActiveCfg = Release|x64
		{FA220346-6F41-4C44-9573-273B8C74E9FB}.Release|x64.Build.0 = Release|x64
		{FA220346-6F41-4C44-9573-273B8C74E9FB}.Release|x86.ActiveCfg = Release|Win32
		{FA220346-6F41-4C44-9573-273B8C74E9FB}.Release|x86.Build.0 = Release|Win32
		{DA8A2D43-8014-45D5-80C5-C468F213BB90}.Debug|x64.ActiveCfg = Debug|x64
		{DA8A2D43-8014-45D5-80C5-C468F213BB90}.Debug|x64.Build.0 = Debug|x64
		{DA8A2D43-8014-45D5-80C5-C468F213BB90}.Debug|x86.ActiveCfg = Debug|Win32
		{DA8A2D43-8014-45D5-80C5-C468F213BB90}.Debug|x86.Build.0 = Debug|Win32
		{DA8A2D43-8014-45D5-80C5-C468F213BB90}.Release|x64.ActiveCfg = Release|x64
		{DA8A2D43-8014-45D5-80C5-C468F213BB90}.Release|x64.Build.0 = Release|x64
		{DA8A2D43-8014-45D5-80C5-C468F213BB90}.Release|x86.ActiveCfg = Release|Win32
		{DA8A2D43-8014-45D5-80C5-C468F213BB90}.Release|x86.Build.0 = Release|Win32
		{0AE4DA90-A9F5-405E-A5FC-E512E6DF8B0E}.Debug|x64.ActiveCfg = Debug|x64
		{0AE4DA90-A9F5-405E-A5FC-E512E6DF8B0E}.Debug|x64.Build.0 = Debug|x64
		{0AE4DA90-A9F5-405E-A5FC-E512E6DF8B0E}.Debug|x86.ActiveCfg = Debug|Win32
		{0AE4DA90-A9F5-405E-A5FC-E512E6DF8B0E}.Debug|x86.Build.0 = Debug|Win32
		{0AE4DA90-A9F5-405E-A5FC-E512E6DF8B0E}.Release|x64.ActiveCfg = Release|x64
		{0AE4DA90-A9F5-405E-A5FC-E512E6DF8B0E}.Release|x64.Build.0 = Release|x64
		{0AE4DA90-A9F5-405E-A5FC-E512E6DF8B0E}.Release|x86.ActiveCfg = Release|Win32
		{0AE4DA90-A9F5-405E-A5FC-E512E6DF8B0E}.Release|x86.Build.0 = Release|Win32
		{71074D6A-C55E-4543-B073-42B734BD55A0}.Debug|x64.ActiveCfg = Debug|x64
		{71074D6A-C55E-4543-B073-42B734BD55A0}.Debug|x64.Build.0 = Debug|x64
		{71074D6A-C55E-4543-B073-42B734BD55A0}.Debug|x86.ActiveCfg = Debug|Win32
		{71074D6A-C55E-4543-B073-42B734BD55A0}.Debug|x86.Build.0 = Debug|Win32
		{71074D6A-C55E-4543-B073-42B734BD55A0}.Release|x64.ActiveCfg = Release|x64
		{71074D6A-C55E-4543-B073-42B734BD55A0}.Release|x64.Build.0 = Release|x64
		{71074D6A-C55E-4543-B073-42B734BD55A0}.Release|x86.ActiveCfg = Release|Win32
		{71074D6A-C55E-4543-B073-42B734BD55A0}.Release|x86.Build.0 = Release|Win32
		{3555F2FF-879D-4BEF-833E-468582D47AA8}.Debug|x64.ActiveCfg = Debug|x64
		{3555F2FF-879D-4BEF-833E-468582D47AA8}.Debug|x64.Build.0 = Debug|x64
		{3555F2FF-879D-4BEF-833E-468582D47AA8}.Debug|x86.ActiveCfg = Debug|Win32
		{3555F2FF-879D-4BEF-833E-468582D47AA8}.Debug|x86.Build.0 = Debug|Win32
		{3555F2FF-879D-4BEF-833E-468582D47AA8}.Release|x64.ActiveCfg = Release|x64
		{3555F2FF-879D-4BEF-833E-468582D47AA8}.Release|x64.Build.0 = Release|x64
		{3555F2FF-879D-4BEF-833E-468582D47AA8}.Release|x86.ActiveCfg = Release|Win32
		{3555F2FF-879D-4BEF-833E-468582D47AA8}.Release|x86.Build.0 = Release|Win32
		{0C4383C9-B514-40DB-930A-D8AC0CA43FB6}.Debug|x64.ActiveCfg = Debug|x64
		{0C4383C9-B514-40DB-930A-D8AC0CA43FB6}.Debug|x64.Build.0 = Debug|x64
		{0C4383C9-B514-40DB-930A-D8AC0CA43FB6}.Debug|x86.ActiveCfg = Debug|Win32
		{0C4383C9-B514-40DB-930A-D8AC0CA43FB6}.Debug|x86.Build.0 = Debug|Win32
		{0C4383C9-B514-40DB-930A-D8AC0CA43FB6}.Release|x64.ActiveCfg = Release|x64
		{0C4383C9-B514-40DB-930A-D8AC0CA43FB6}.Release|x64.Build.0 = Release|x64
		{0C4383C9-B514-40DB-930A-D8AC0CA43FB6}.Release|x86.ActiveCfg = Release|Win32
		{0C4383C9-B514-40DB-930A-D8AC0CA43FB6}.Release|x86.Build.0 = Release|Win32
		{E4E1CDFB-41D4-4EDC-B249-5C78D5C72E7A}.Debug|x64.ActiveCfg = Debug|x64
		{E4E1CDFB-41D4-4EDC-B249-5C78D5C72E7A}.Debug|x64.Build.0 = Debug|x64
		{E4E1CDFB-41D4-4EDC-B249-5C78D5C72E7A}.Debug|x86.ActiveCfg = Debug|Win32
		{E4E1CDFB-41D4-4EDC-B249-5C78D5C72E7A}.Debug|x86.Build.0 = Debug|Win32
		{E4E1CDFB-41D4-4EDC-B249-5C78D5C72E7A}.Release|x64.ActiveCfg = Release|x64
		{E4E1CDFB-41D4-4EDC-B249-5C78D5C72E7A}.Release|x64.Build.0 = Release|x64
		{E4E1CDFB-41D4-4EDC-B249-5C78D5C72E7A}.Release|x86.ActiveCfg = Release|Win32
		{E4E1CDFB-41D4-4EDC-B249-5C78D5C72E7A}.Release|x86.Build.0 = Release|Win32
		{EDB08113-A6E9-4DDB-8A01-CB892EEE3043}.Debug|x64.ActiveCfg = Debug|x64
		{EDB08113-A6E9-4DDB-8A01-CB892EEE3043}.Debug|x64.Build.0 = Debug|x64
		{EDB08113-A6E9-4DDB-8A01-CB892EEE3043}.Debug|x86.ActiveCfg = Debug|Win32
		{EDB08113-A6E9-4DDB-8A01-CB892EEE3043}.Debug|x86.Build.0 = Debug|Win32
		{EDB08113-A6E9-4DDB-8A01-CB892EEE3043}.Release|x64.ActiveCfg = Release|x64
		{EDB08113-A6E9-4DDB-8A01-CB892EEE3043}.Release|x64.Build.0 = Release|x64
		{EDB08113-A6E9-4DDB-8A01-CB892EEE3043}.Release|x86.ActiveCfg = Release|Win32
		{EDB08113-A6E9-4DDB-8A01-CB892EEE3043}.Release|x86.Build.0 = Release|Win32
		{3BD25D51-4AD2-47D0-827C-23D8DA8F7623}.Debug|x64.ActiveCfg = Debug|x64
		{3BD25D51-4AD2-47D0-827C-23D8DA8F7623}.Debug|x64.Build.0 = Debug|x64
		{3BD25D51-4AD2-47D0-827C-23D8DA8F7623}.Debug|x86.ActiveCfg = Debug|Win32
		{3BD25D51-4AD2-47D0-827C-23D8DA8F7623}.Debug|x86.Build.0 = Debug|Win32
		{3BD25D51-4AD2-47D0-827C-23D8DA8F7623}.Release|x64.ActiveCfg = Release|x64
		{3BD25D51-4AD2-47D0-827C-23D8DA8F7623}.Release|x64.Build.0 = Release|x64
		{3BD25D51-4AD2-47D0-827C-23D8DA8F7623}.Release|x86.ActiveCfg = Release|Win32
		{3BD25D51-4AD2-47D0-827C-23D8DA8F7623}.Release|x86.Build.0 = Release|Win32
		{AD54263F-2AE3-432B-A5E6-200778E20873}.Debug|x64.ActiveCfg = Debug|x64
		{AD54263F-2AE3-432B-A5E6-200778E20873}.Debug|x64.Build.0 = Debug|x64
		{AD54263F-2AE3-432B-A5E6-200778E20873}.Debug|x86.ActiveCfg = Debug|Win32
		{AD54263F-2AE3-432B-A5E6-200778E20873}.Debug|x86.Build.0 = Debug|Win32
		{AD54263F-2AE3-432B-A5E6-200778E20873}.Release|x64.ActiveCfg = Release|x64
		{AD54263F-2AE3-432B-A5E6-200778E20873}.Release|x64.Build.0 = Release|x64
		{AD54263F-2AE3-432B-A5E6-200778E20873}.Release|x86.ActiveCfg = Release|Win32
		{AD54263F-2AE3-432B-A5E6-200778E20873}.Release|x86.Build.0 = Release|Win32
		{F2E42BD3-E167-45D1-809A-C7A96554DD05}.Debug|x64.ActiveCfg = Debug|x64
		{F2E42BD3-E167-45D1-809A-C7A96554DD05}.Debug|x64.Build.0 = Debug|x64
		{F2E42BD3-E167-45D1-809A-C7A96554DD05}.Debug|x86.ActiveCfg = Debug|Win32
		{F2E42BD3-E167-45D1-809A-C7A96554DD05}.Debug|x86.Build.0 = Debug|Win32
		{F2E42BD3-E167-45D1-809A-C7A96554DD05}.Release|x64.ActiveCfg = Release|x64
		{F2E42BD3-E167-45D1-809A-C7A96554DD05}.Release|x64.Build.0 = Release|x64
		{F2E42BD3-E167-45D1-809A-C7A96554DD05}.Release|x86.ActiveCfg = Release|Win32
		{F2E42BD3-E167-45D1-809A-C7A96554DD05}.Release|x86.Build.0 = Release|Win32
		{B0C84840-159A-4535-A662-D2C1D301C07C}.Debug|x64.ActiveCfg = Debug|x64
		{B0C84840-159A-4535-A662-D2C1D301C07C}.Debug|x64.Build.0 = Debug|x64
		{B0C84840-159A-4535-A662-D2C1D301C07C}.Debug|x86.ActiveCfg = Debug|Win32
		{B0C84840-159A-4535-A662-D2C1D301C07C}.Debug|x86.Build.0 = Debug|Win32
		{B0C84840-159A-4535-A662-D2C1D301C07C}.Release|x64.ActiveCfg = Release|x64
		{B0C84840-159A-4535-A662-D2C1D301C07C}.Release|x64.Build.0 = Release|x64
		{B0C84840-159A-4535-A662-D2C1D301C07C}.Release|x86.ActiveCfg = Release|Win32
		{B0C84840-159A-4535-A662-D2C1D301C07C}.Release|x86.Build.0 = Release|Win32
		{2CDB5D35-BB37-49DE-8B49-F1E348F490F0}.Debug|x64.ActiveCfg = Debug|x64
		{2CDB5D35-BB37-49DE-8B49-F1E348F490F0}.Debug|x64.Build.0 = Debug|x64
		{2CDB5D35-BB37-49DE-8B49-F1E348F490F0}.Debug|x86.ActiveCfg = Debug|Win32
		{2CDB5D35-BB37-49DE-8B49-F1E348F490F0}.Debug|x86.Build.0 = Debug|Win32
		{2CDB5D35-BB37-49DE-8B49-F1E348F490F0}.Release|x64.ActiveCfg = Release|x64
		{2CDB5D35-BB37-49DE-8B49-F1E348F490F0}.Release|x64.Build.0 = Release|x64
		{2CDB5D35-BB37-49DE-8B49-F1E348F490F0}.Release|x86.ActiveCfg = Release|Win32
		{2CDB5D35-BB37-49DE-8B49-F1E348F490F0}.Release|x86.Build.0 = Release|Win32
	EndGlobalSection
	GlobalSection(SolutionProperties) = preSolution
		HideSolutionNode = FALSE
	EndGlobalSection
	GlobalSection(ExtensibilityGlobals) = postSolution
		SolutionGuid = {37824EBE-B6FD-4924-B352-8A82FD781103}
	EndGlobalSection
EndGlobal
